
Microsoft Visual Studio Solution File, Format Version 12.00
# Visual Studio Version 17
VisualStudioVersion = 17.5.002.0
MinimumVisualStudioVersion = 10.0.40219.1
Project("{9A19103F-16F7-4668-BE54-9A1E7A4F7556}") = "Stripe_Example", "Stripe_Example.csproj", "{7845F5C7-75DE-42F5-A188-7A86E24EFDED}"
EndProject
Global
	GlobalSection(SolutionConfigurationPlatforms) = preSolution
		Debug|Any CPU = Debug|Any CPU
		Release|Any CPU = Release|Any CPU
	EndGlobalSection
	GlobalSection(ProjectConfigurationPlatforms) = postSolution
		{7845F5C7-75DE-42F5-A188-7A86E24EFDED}.Debug|Any CPU.ActiveCfg = Debug|Any CPU
		{7845F5C7-75DE-42F5-A188-7A86E24EFDED}.Debug|Any CPU.Build.0 = Debug|Any CPU
		{7845F5C7-75DE-42F5-A188-7A86E24EFDED}.Release|Any CPU.ActiveCfg = Release|Any CPU
		{7845F5C7-75DE-42F5-A188-7A86E24EFDED}.Release|Any CPU.Build.0 = Release|Any CPU
	EndGlobalSection
	GlobalSection(SolutionProperties) = preSolution
		HideSolutionNode = FALSE
	EndGlobalSection
	GlobalSection(ExtensibilityGlobals) = postSolution
		SolutionGuid = {2E07A820-5A4A-4F68-985A-3175D0F0DEFF}
	EndGlobalSection
EndGlobal
